
Microsoft Visual Studio Solution File, Format Version 12.00
# Visual Studio 15
VisualStudioVersion = 15.0.28307.329
MinimumVisualStudioVersion = 10.0.40219.1
Project("{FAE04EC0-301F-11D3-BF4B-00C04F79EFBC}") = "AMS.Core", "AMS.Core\AMS.Core.csproj", "{FCC1D479-6750-4980-A636-2BAB2C6C51D7}"
EndProject
Global
	GlobalSection(SolutionConfigurationPlatforms) = preSolution
		Debug|Any CPU = Debug|Any CPU
		Release|Any CPU = Release|Any CPU
	EndGlobalSection
	GlobalSection(ProjectConfigurationPlatforms) = postSolution
		{FCC1D479-6750-4980-A636-2BAB2C6C51D7}.Debug|Any CPU.ActiveCfg = Debug|Any CPU
		{FCC1D479-6750-4980-A636-2BAB2C6C51D7}.Debug|Any CPU.Build.0 = Debug|Any CPU
		{FCC1D479-6750-4980-A636-2BAB2C6C51D7}.Release|Any CPU.ActiveCfg = Release|Any CPU
		{FCC1D479-6750-4980-A636-2BAB2C6C51D7}.Release|Any CPU.Build.0 = Release|Any CPU
	EndGlobalSection
	GlobalSection(SolutionProperties) = preSolution
		HideSolutionNode = FALSE
	EndGlobalSection
	GlobalSection(ExtensibilityGlobals) = postSolution
		SolutionGuid = {813C6CBE-3895-4C99-8DFC-FBCD75532E5C}
	EndGlobalSection
EndGlobal
